
Microsoft Visual Studio Solution File, Format Version 12.00
# Visual Studio Version 16
VisualStudioVersion = 16.0.29911.84
MinimumVisualStudioVersion = 10.0.40219.1
Project("{8BC9CEB8-8B4A-11D0-8D11-00A0C91BC942}") = "Flappy Bird", "Flappy Bird.vcxproj", "{0EC36E87-068C-4E72-BDD1-6C44904F0750}"
EndProject
Global
	GlobalSection(SolutionConfigurationPlatforms) = preSolution
		Debug|x64 = Debug|x64
		Debug|x86 = Debug|x86
		Release|x64 = Release|x64
		Release|x86 = Release|x86
	EndGlobalSection
	GlobalSection(ProjectConfigurationPlatforms) = postSolution
		{0EC36E87-068C-4E72-BDD1-6C44904F0750}.Debug|x64.ActiveCfg = Debug|x64
		{0EC36E87-068C-4E72-BDD1-6C44904F0750}.Debug|x64.Build.0 = Debug|x64
		{0EC36E87-068C-4E72-BDD1-6C44904F0750}.Debug|x86.ActiveCfg = Debug|Win32
		{0EC36E87-068C-4E72-BDD1-6C44904F0750}.Debug|x86.Build.0 = Debug|Win32
		{0EC36E87-068C-4E72-BDD1-6C44904F0750}.Release|x64.ActiveCfg = Release|x64
		{0EC36E87-068C-4E72-BDD1-6C44904F0750}.Release|x64.Build.0 = Release|x64
		{0EC36E87-068C-4E72-BDD1-6C44904F0750}.Release|x86.ActiveCfg = Release|Win32
		{0EC36E87-068C-4E72-BDD1-6C44904F0750}.Release|x86.Build.0 = Release|Win32
	EndGlobalSection
	GlobalSection(SolutionProperties) = preSolution
		HideSolutionNode = FALSE
	EndGlobalSection
	GlobalSection(ExtensibilityGlobals) = postSolution
		SolutionGuid = {2E93E4D3-1DFA-408D-B048-1A2E63B0BFFE}
	EndGlobalSection
EndGlobal
